// !$*UTF8*$!
{
	archiveVersion = 1;
	classes = {
	};
	objectVersion = 50;
	objects = {

/* Begin PBXBuildFile section */
		1F2A6533250BE1680013AC15 /* AppDelegate.swift in Sources */ = {isa = PBXBuildFile; fileRef = 1F2A6532250BE1680013AC15 /* AppDelegate.swift */; };
		1F2A6535250BE1680013AC15 /* SceneDelegate.swift in Sources */ = {isa = PBXBuildFile; fileRef = 1F2A6534250BE1680013AC15 /* SceneDelegate.swift */; };
		1F2A653A250BE1680013AC15 /* Main.storyboard in Resources */ = {isa = PBXBuildFile; fileRef = 1F2A6538250BE1680013AC15 /* Main.storyboard */; };
		1F2A653D250BE1680013AC15 /* WebGithub.xcdatamodeld in Sources */ = {isa = PBXBuildFile; fileRef = 1F2A653B250BE1680013AC15 /* WebGithub.xcdatamodeld */; };
		1F2A653F250BE16A0013AC15 /* Assets.xcassets in Resources */ = {isa = PBXBuildFile; fileRef = 1F2A653E250BE16A0013AC15 /* Assets.xcassets */; };
		1F2A6542250BE16A0013AC15 /* LaunchScreen.storyboard in Resources */ = {isa = PBXBuildFile; fileRef = 1F2A6540250BE16A0013AC15 /* LaunchScreen.storyboard */; };
		1F2A654A250BE2310013AC15 /* ListTableViewController.swift in Sources */ = {isa = PBXBuildFile; fileRef = 1F2A6549250BE2310013AC15 /* ListTableViewController.swift */; };
		1F2A654C250BE2590013AC15 /* WebViewController.swift in Sources */ = {isa = PBXBuildFile; fileRef = 1F2A654B250BE2590013AC15 /* WebViewController.swift */; };
/* End PBXBuildFile section */

/* Begin PBXFileReference section */
		1F2A652F250BE1680013AC15 /* WebGithub.app */ = {isa = PBXFileReference; explicitFileType = wrapper.application; includeInIndex = 0; path = WebGithub.app; sourceTree = BUILT_PRODUCTS_DIR; };
		1F2A6532250BE1680013AC15 /* AppDelegate.swift */ = {isa = PBXFileReference; lastKnownFileType = sourcecode.swift; path = AppDelegate.swift; sourceTree = "<group>"; };
		1F2A6534250BE1680013AC15 /* SceneDelegate.swift */ = {isa = PBXFileReference; lastKnownFileType = sourcecode.swift; path = SceneDelegate.swift; sourceTree = "<group>"; };
		1F2A6539250BE1680013AC15 /* Base */ = {isa = PBXFileReference; lastKnownFileType = file.storyboard; name = Base; path = Base.lproj/Main.storyboard; sourceTree = "<group>"; };
		1F2A653C250BE1680013AC15 /* WebGithub.xcdatamodel */ = {isa = PBXFileReference; lastKnownFileType = wrapper.xcdatamodel; path = WebGithub.xcdatamodel; sourceTree = "<group>"; };
		1F2A653E250BE16A0013AC15 /* Assets.xcassets */ = {isa = PBXFileReference; lastKnownFileType = folder.assetcatalog; path = Assets.xcassets; sourceTree = "<group>"; };
		1F2A6541250BE16A0013AC15 /* Base */ = {isa = PBXFileReference; lastKnownFileType = file.storyboard; name = Base; path = Base.lproj/LaunchScreen.storyboard; sourceTree = "<group>"; };
		1F2A6543250BE16A0013AC15 /* Info.plist */ = {isa = PBXFileReference; lastKnownFileType = text.plist.xml; path = Info.plist; sourceTree = "<group>"; };
		1F2A6549250BE2310013AC15 /* ListTableViewController.swift */ = {isa = PBXFileReference; lastKnownFileType = sourcecode.swift; path = ListTableViewController.swift; sourceTree = "<group>"; };
		1F2A654B250BE2590013AC15 /* WebViewController.swift */ = {isa = PBXFileReference; lastKnownFileType = sourcecode.swift; path = WebViewController.swift; sourceTree = "<group>"; };
/* End PBXFileReference section */

/* Begin PBXFrameworksBuildPhase section */
		1F2A652C250BE1680013AC15 /* Frameworks */ = {
			isa = PBXFrameworksBuildPhase;
			buildActionMask = 2147483647;
			files = (
			);
			runOnlyForDeploymentPostprocessing = 0;
		};
/* End PBXFrameworksBuildPhase section */

/* Begin PBXGroup section */
		1F2A6526250BE1680013AC15 = {
			isa = PBXGroup;
			children = (
				1F2A6531250BE1680013AC15 /* WebGithub */,
				1F2A6530250BE1680013AC15 /* Products */,
			);
			sourceTree = "<group>";
		};
		1F2A6530250BE1680013AC15 /* Products */ = {
			isa = PBXGroup;
			children = (
				1F2A652F250BE1680013AC15 /* WebGithub.app */,
			);
			name = Products;
			sourceTree = "<group>";
		};
		1F2A6531250BE1680013AC15 /* WebGithub */ = {
			isa = PBXGroup;
			children = (
				1F2A6532250BE1680013AC15 /* AppDelegate.swift */,
				1F2A6534250BE1680013AC15 /* SceneDelegate.swift */,
				1F2A6538250BE1680013AC15 /* Main.storyboard */,
				1F2A654B250BE2590013AC15 /* WebViewController.swift */,
				1F2A6549250BE2310013AC15 /* ListTableViewController.swift */,
				1F2A653E250BE16A0013AC15 /* Assets.xcassets */,
				1F2A6540250BE16A0013AC15 /* LaunchScreen.storyboard */,
				1F2A6543250BE16A0013AC15 /* Info.plist */,
				1F2A653B250BE1680013AC15 /* WebGithub.xcdatamodeld */,
			);
			path = WebGithub;
			sourceTree = "<group>";
		};
/* End PBXGroup section */

/* Begin PBXNativeTarget section */
		1F2A652E250BE1680013AC15 /* WebGithub */ = {
			isa = PBXNativeTarget;
			buildConfigurationList = 1F2A6546250BE16A0013AC15 /* Build configuration list for PBXNativeTarget "WebGithub" */;
			buildPhases = (
				1F2A652B250BE1680013AC15 /* Sources */,
				1F2A652C250BE1680013AC15 /* Frameworks */,
				1F2A652D250BE1680013AC15 /* Resources */,
			);
			buildRules = (
			);
			dependencies = (
			);
			name = WebGithub;
			productName = WebGithub;
			productReference = 1F2A652F250BE1680013AC15 /* WebGithub.app */;
			productType = "com.apple.product-type.application";
		};
/* End PBXNativeTarget section */

/* Begin PBXProject section */
		1F2A6527250BE1680013AC15 /* Project object */ = {
			isa = PBXProject;
			attributes = {
				LastSwiftUpdateCheck = 1170;
				LastUpgradeCheck = 1170;
				ORGANIZATIONNAME = sindija.dzintare;
				TargetAttributes = {
					1F2A652E250BE1680013AC15 = {
						CreatedOnToolsVersion = 11.7;
					};
				};
			};
			buildConfigurationList = 1F2A652A250BE1680013AC15 /* Build configuration list for PBXProject "WebGithub" */;
			compatibilityVersion = "Xcode 9.3";
			developmentRegion = en;
			hasScannedForEncodings = 0;
			knownRegions = (
				en,
				Base,
			);
			mainGroup = 1F2A6526250BE1680013AC15;
			productRefGroup = 1F2A6530250BE1680013AC15 /* Products */;
			projectDirPath = "";
			projectRoot = "";
			targets = (
				1F2A652E250BE1680013AC15 /* WebGithub */,
			);
		};
/* End PBXProject section */

/* Begin PBXResourcesBuildPhase section */
		1F2A652D250BE1680013AC15 /* Resources */ = {
			isa = PBXResourcesBuildPhase;
			buildActionMask = 2147483647;
			files = (
				1F2A6542250BE16A0013AC15 /* LaunchScreen.storyboard in Resources */,
				1F2A653F250BE16A0013AC15 /* Assets.xcassets in Resources */,
				1F2A653A250BE1680013AC15 /* Main.storyboard in Resources */,
			);
			runOnlyForDeploymentPostprocessing = 0;
		};
/* End PBXResourcesBuildPhase section */

/* Begin PBXSourcesBuildPhase section */
		1F2A652B250BE1680013AC15 /* Sources */ = {
			isa = PBXSourcesBuildPhase;
			buildActionMask = 2147483647;
			files = (
				1F2A6533250BE1680013AC15 /* AppDelegate.swift in Sources */,
				1F2A6535250BE1680013AC15 /* SceneDelegate.swift in Sources */,
				1F2A653D250BE1680013AC15 /* WebGithub.xcdatamodeld in Sources */,
				1F2A654C250BE2590013AC15 /* WebViewController.swift in Sources */,
				1F2A654A250BE2310013AC15 /* ListTableViewController.swift in Sources */,
			);
			runOnlyForDeploymentPostprocessing = 0;
		};
/* End PBXSourcesBuildPhase section */

/* Begin PBXVariantGroup section */
		1F2A6538250BE1680013AC15 /* Main.storyboard */ = {
			isa = PBXVariantGroup;
			children = (
				1F2A6539250BE1680013AC15 /* Base */,
			);
			name = Main.storyboard;
			sourceTree = "<group>";
		};
		1F2A6540250BE16A0013AC15 /* LaunchScreen.storyboard */ = {
			isa = PBXVariantGroup;
			children = (
				1F2A6541250BE16A0013AC15 /* Base */,
			);
			name = LaunchScreen.storyboard;
			sourceTree = "<group>";
		};
/* End PBXVariantGroup section */

/* Begin XCBuildConfiguration section */
		1F2A6544250BE16A0013AC15 /* Debug */ = {
			isa = XCBuildConfiguration;
			buildSettings = {
				ALWAYS_SEARCH_USER_PATHS = NO;
				CLANG_ANALYZER_NONNULL = YES;
				CLANG_ANALYZER_NUMBER_OBJECT_CONVERSION = YES_AGGRESSIVE;
				CLANG_CXX_LANGUAGE_STANDARD = "gnu++14";
				CLANG_CXX_LIBRARY = "libc++";
				CLANG_ENABLE_MODULES = YES;
				CLANG_ENABLE_OBJC_ARC = YES;
				CLANG_ENABLE_OBJC_WEAK = YES;
				CLANG_WARN_BLOCK_CAPTURE_AUTORELEASING = YES;
				CLANG_WARN_BOOL_CONVERSION = YES;
				CLANG_WARN_COMMA = YES;
				CLANG_WARN_CONSTANT_CONVERSION = YES;
				CLANG_WARN_DEPRECATED_OBJC_IMPLEMENTATIONS = YES;
				CLANG_WARN_DIRECT_OBJC_ISA_USAGE = YES_ERROR;
				CLANG_WARN_DOCUMENTATION_COMMENTS = YES;
				CLANG_WARN_EMPTY_BODY = YES;
				CLANG_WARN_ENUM_CONVERSION = YES;
				CLANG_WARN_INFINITE_RECURSION = YES;
				CLANG_WARN_INT_CONVERSION = YES;
				CLANG_WARN_NON_LITERAL_NULL_CONVERSION = YES;
				CLANG_WARN_OBJC_IMPLICIT_RETAIN_SELF = YES;
				CLANG_WARN_OBJC_LITERAL_CONVERSION = YES;
				CLANG_WARN_OBJC_ROOT_CLASS = YES_ERROR;
				CLANG_WARN_RANGE_LOOP_ANALYSIS = YES;
				CLANG_WARN_STRICT_PROTOTYPES = YES;
				CLANG_WARN_SUSPICIOUS_MOVE = YES;
				CLANG_WARN_UNGUARDED_AVAILABILITY = YES_AGGRESSIVE;
				CLANG_WARN_UNREACHABLE_CODE = YES;
				CLANG_WARN__DUPLICATE_METHOD_MATCH = YES;
				COPY_PHASE_STRIP = NO;
				DEBUG_INFORMATION_FORMAT = dwarf;
				ENABLE_STRICT_OBJC_MSGSEND = YES;
				ENABLE_TESTABILITY = YES;
				GCC_C_LANGUAGE_STANDARD = gnu11;
				GCC_DYNAMIC_NO_PIC = NO;
				GCC_NO_COMMON_BLOCKS = YES;
				GCC_OPTIMIZATION_LEVEL = 0;
				GCC_PREPROCESSOR_DEFINITIONS = (
					"DEBUG=1",
					"$(inherited)",
				);
				GCC_WARN_64_TO_32_BIT_CONVERSION = YES;
				GCC_WARN_ABOUT_RETURN_TYPE = YES_ERROR;
				GCC_WARN_UNDECLARED_SELECTOR = YES;
				GCC_WARN_UNINITIALIZED_AUTOS = YES_AGGRESSIVE;
				GCC_WARN_UNUSED_FUNCTION = YES;
				GCC_WARN_UNUSED_VARIABLE = YES;
				IPHONEOS_DEPLOYMENT_TARGET = 13.7;
				MTL_ENABLE_DEBUG_INFO = INCLUDE_SOURCE;
				MTL_FAST_MATH = YES;
				ONLY_ACTIVE_ARCH = YES;
				SDKROOT = iphoneos;
				SWIFT_ACTIVE_COMPILATION_CONDITIONS = DEBUG;
				SWIFT_OPTIMIZATION_LEVEL = "-Onone";
			};
			name = Debug;
		};
		1F2A6545250BE16A0013AC15 /* Release */ = {
			isa = XCBuildConfiguration;
			buildSettings = {
				ALWAYS_SEARCH_USER_PATHS = NO;
				CLANG_ANALYZER_NONNULL = YES;
				CLANG_ANALYZER_NUMBER_OBJECT_CONVERSION = YES_AGGRESSIVE;
				CLANG_CXX_LANGUAGE_STANDARD = "gnu++14";
				CLANG_CXX_LIBRARY = "libc++";
				CLANG_ENABLE_MODULES = YES;
				CLANG_ENABLE_OBJC_ARC = YES;
				CLANG_ENABLE_OBJC_WEAK = YES;
				CLANG_WARN_BLOCK_CAPTURE_AUTORELEASING = YES;
				CLANG_WARN_BOOL_CONVERSION = YES;
				CLANG_WARN_COMMA = YES;
				CLANG_WARN_CONSTANT_CONVERSION = YES;
				CLANG_WARN_DEPRECATED_OBJC_IMPLEMENTATIONS = YES;
				CLANG_WARN_DIRECT_OBJC_ISA_USAGE = YES_ERROR;
				CLANG_WARN_DOCUMENTATION_COMMENTS = YES;
				CLANG_WARN_EMPTY_BODY = YES;
				CLANG_WARN_ENUM_CONVERSION = YES;
				CLANG_WARN_INFINITE_RECURSION = YES;
				CLANG_WARN_INT_CONVERSION = YES;
				CLANG_WARN_NON_LITERAL_NULL_CONVERSION = YES;
				CLANG_WARN_OBJC_IMPLICIT_RETAIN_SELF = YES;
				CLANG_WARN_OBJC_LITERAL_CONVERSION = YES;
				CLANG_WARN_OBJC_ROOT_CLASS = YES_ERROR;
				CLANG_WARN_RANGE_LOOP_ANALYSIS = YES;
				CLANG_WARN_STRICT_PROTOTYPES = YES;
				CLANG_WARN_SUSPICIOUS_MOVE = YES;
				CLANG_WARN_UNGUARDED_AVAILABILITY = YES_AGGRESSIVE;
				CLANG_WARN_UNREACHABLE_CODE = YES;
				CLANG_WARN__DUPLICATE_METHOD_MATCH = YES;
				COPY_PHASE_STRIP = NO;
				DEBUG_INFORMATION_FORMAT = "dwarf-with-dsym";
				ENABLE_NS_ASSERTIONS = NO;
				ENABLE_STRICT_OBJC_MSGSEND = YES;
				GCC_C_LANGUAGE_STANDARD = gnu11;
				GCC_NO_COMMON_BLOCKS = YES;
				GCC_WARN_64_TO_32_BIT_CONVERSION = YES;
				GCC_WARN_ABOUT_RETURN_TYPE = YES_ERROR;
				GCC_WARN_UNDECLARED_SELECTOR = YES;
				GCC_WARN_UNINITIALIZED_AUTOS = YES_AGGRESSIVE;
				GCC_WARN_UNUSED_FUNCTION = YES;
				GCC_WARN_UNUSED_VARIABLE = YES;
				IPHONEOS_DEPLOYMENT_TARGET = 13.7;
				MTL_ENABLE_DEBUG_INFO = NO;
				MTL_FAST_MATH = YES;
				SDKROOT = iphoneos;
				SWIFT_COMPILATION_MODE = wholemodule;
				SWIFT_OPTIMIZATION_LEVEL = "-O";
				VALIDATE_PRODUCT = YES;
			};
			name = Release;
		};
		1F2A6547250BE16A0013AC15 /* Debug */ = {
			isa = XCBuildConfiguration;
			buildSettings = {
				ASSETCATALOG_COMPILER_APPICON_NAME = AppIcon;
				CODE_SIGN_STYLE = Automatic;
				DEVELOPMENT_TEAM = V5AQVD3P26;
				INFOPLIST_FILE = WebGithub/Info.plist;
				LD_RUNPATH_SEARCH_PATHS = (
					"$(inherited)",
					"@executable_path/Frameworks",
				);
				PRODUCT_BUNDLE_IDENTIFIER = lv.sidzapp.WebGithub;
				PRODUCT_NAME = "$(TARGET_NAME)";
				SWIFT_VERSION = 5.0;
				TARGETED_DEVICE_FAMILY = "1,2";
			};
			name = Debug;
		};
		1F2A6548250BE16A0013AC15 /* Release */ = {
			isa = XCBuildConfiguration;
			buildSettings = {
				ASSETCATALOG_COMPILER_APPICON_NAME = AppIcon;
				CODE_SIGN_STYLE = Automatic;
				DEVELOPMENT_TEAM = V5AQVD3P26;
				INFOPLIST_FILE = WebGithub/Info.plist;
				LD_RUNPATH_SEARCH_PATHS = (
					"$(inherited)",
					"@executable_path/Frameworks",
				);
				PRODUCT_BUNDLE_IDENTIFIER = lv.sidzapp.WebGithub;
				PRODUCT_NAME = "$(TARGET_NAME)";
				SWIFT_VERSION = 5.0;
				TARGETED_DEVICE_FAMILY = "1,2";
			};
			name = Release;
		};
/* End XCBuildConfiguration section */

/* Begin XCConfigurationList section */
		1F2A652A250BE1680013AC15 /* Build configuration list for PBXProject "WebGithub" */ = {
			isa = XCConfigurationList;
			buildConfigurations = (
				1F2A6544250BE16A0013AC15 /* Debug */,
				1F2A6545250BE16A0013AC15 /* Release */,
			);
			defaultConfigurationIsVisible = 0;
			defaultConfigurationName = Release;
		};
		1F2A6546250BE16A0013AC15 /* Build configuration list for PBXNativeTarget "WebGithub" */ = {
			isa = XCConfigurationList;
			buildConfigurations = (
				1F2A6547250BE16A0013AC15 /* Debug */,
				1F2A6548250BE16A0013AC15 /* Release */,
			);
			defaultConfigurationIsVisible = 0;
			defaultConfigurationName = Release;
		};
/* End XCConfigurationList section */

/* Begin XCVersionGroup section */
		1F2A653B250BE1680013AC15 /* WebGithub.xcdatamodeld */ = {
			isa = XCVersionGroup;
			children = (
				1F2A653C250BE1680013AC15 /* WebGithub.xcdatamodel */,
			);
			currentVersion = 1F2A653C250BE1680013AC15 /* WebGithub.xcdatamodel */;
			path = WebGithub.xcdatamodeld;
			sourceTree = "<group>";
			versionGroupType = wrapper.xcdatamodel;
		};
/* End XCVersionGroup section */
	};
	rootObject = 1F2A6527250BE1680013AC15 /* Project object */;
}
